
Microsoft Visual Studio Solution File, Format Version 12.00
# Visual Studio Version 17
VisualStudioVersion = 17.1.32228.430
MinimumVisualStudioVersion = 10.0.40219.1
Project("{FAE04EC0-301F-11D3-BF4B-00C04F79EFBC}") = "CabInvoiceGenerator", "CabInvoiceGenerator\CabInvoiceGenerator.csproj", "{E682153A-2169-4931-AD9E-1D31FB099A0E}"
EndProject
Project("{FAE04EC0-301F-11D3-BF4B-00C04F79EFBC}") = "CabInvoiceGeneratorTesting", "CabVoiceGeneratorTesting\CabInvoiceGeneratorTesting.csproj", "{03CB218C-72CF-4C4E-B551-268146A59D32}"
EndProject
Global
	GlobalSection(SolutionConfigurationPlatforms) = preSolution
		Debug|Any CPU = Debug|Any CPU
		Release|Any CPU = Release|Any CPU
	EndGlobalSection
	GlobalSection(ProjectConfigurationPlatforms) = postSolution
		{E682153A-2169-4931-AD9E-1D31FB099A0E}.Debug|Any CPU.ActiveCfg = Debug|Any CPU
		{E682153A-2169-4931-AD9E-1D31FB099A0E}.Debug|Any CPU.Build.0 = Debug|Any CPU
		{E682153A-2169-4931-AD9E-1D31FB099A0E}.Release|Any CPU.ActiveCfg = Release|Any CPU
		{E682153A-2169-4931-AD9E-1D31FB099A0E}.Release|Any CPU.Build.0 = Release|Any CPU
		{03CB218C-72CF-4C4E-B551-268146A59D32}.Debug|Any CPU.ActiveCfg = Debug|Any CPU
		{03CB218C-72CF-4C4E-B551-268146A59D32}.Debug|Any CPU.Build.0 = Debug|Any CPU
		{03CB218C-72CF-4C4E-B551-268146A59D32}.Release|Any CPU.ActiveCfg = Release|Any CPU
		{03CB218C-72CF-4C4E-B551-268146A59D32}.Release|Any CPU.Build.0 = Release|Any CPU
	EndGlobalSection
	GlobalSection(SolutionProperties) = preSolution
		HideSolutionNode = FALSE
	EndGlobalSection
	GlobalSection(ExtensibilityGlobals) = postSolution
		SolutionGuid = {F450F946-A9B3-4059-B6F9-29832937C4B0}
	EndGlobalSection
EndGlobal
